
Microsoft Visual Studio Solution File, Format Version 12.00
# Visual Studio Version 16
VisualStudioVersion = 16.0.30804.86
MinimumVisualStudioVersion = 10.0.40219.1
Project("{FAE04EC0-301F-11D3-BF4B-00C04F79EFBC}") = "TestforGithub", "TestforGithub.csproj", "{7448D485-C584-4B91-A0A2-6D01D9C15E79}"
EndProject
Global
	GlobalSection(SolutionConfigurationPlatforms) = preSolution
		Debug|Any CPU = Debug|Any CPU
		Release|Any CPU = Release|Any CPU
	EndGlobalSection
	GlobalSection(ProjectConfigurationPlatforms) = postSolution
		{7448D485-C584-4B91-A0A2-6D01D9C15E79}.Debug|Any CPU.ActiveCfg = Debug|Any CPU
		{7448D485-C584-4B91-A0A2-6D01D9C15E79}.Debug|Any CPU.Build.0 = Debug|Any CPU
		{7448D485-C584-4B91-A0A2-6D01D9C15E79}.Release|Any CPU.ActiveCfg = Release|Any CPU
		{7448D485-C584-4B91-A0A2-6D01D9C15E79}.Release|Any CPU.Build.0 = Release|Any CPU
	EndGlobalSection
	GlobalSection(SolutionProperties) = preSolution
		HideSolutionNode = FALSE
	EndGlobalSection
	GlobalSection(ExtensibilityGlobals) = postSolution
		SolutionGuid = {A4FF3575-6B82-48FB-BFC8-F9FE9B38AE92}
	EndGlobalSection
EndGlobal
